
Microsoft Visual Studio Solution File, Format Version 12.00
# Visual Studio 15
VisualStudioVersion = 15.0.28010.2003
MinimumVisualStudioVersion = 10.0.40219.1
Project("{FAE04EC0-301F-11D3-BF4B-00C04F79EFBC}") = "pizzaCreator", "pizzaCreator\pizzaCreator.csproj", "{F39F7A09-99D7-41A8-B396-6F591138AD68}"
EndProject
Global
	GlobalSection(SolutionConfigurationPlatforms) = preSolution
		Debug|Any CPU = Debug|Any CPU
		Release|Any CPU = Release|Any CPU
	EndGlobalSection
	GlobalSection(ProjectConfigurationPlatforms) = postSolution
		{F39F7A09-99D7-41A8-B396-6F591138AD68}.Debug|Any CPU.ActiveCfg = Debug|Any CPU
		{F39F7A09-99D7-41A8-B396-6F591138AD68}.Debug|Any CPU.Build.0 = Debug|Any CPU
		{F39F7A09-99D7-41A8-B396-6F591138AD68}.Release|Any CPU.ActiveCfg = Release|Any CPU
		{F39F7A09-99D7-41A8-B396-6F591138AD68}.Release|Any CPU.Build.0 = Release|Any CPU
	EndGlobalSection
	GlobalSection(SolutionProperties) = preSolution
		HideSolutionNode = FALSE
	EndGlobalSection
	GlobalSection(ExtensibilityGlobals) = postSolution
		SolutionGuid = {02A3B8EF-B425-4EF6-8CFF-8AF4FD1697BC}
	EndGlobalSection
EndGlobal
