
Microsoft Visual Studio Solution File, Format Version 12.00
# Visual Studio 15
VisualStudioVersion = 15.0.28010.2003
MinimumVisualStudioVersion = 10.0.40219.1
Project("{FAE04EC0-301F-11D3-BF4B-00C04F79EFBC}") = "Itse1430.MovieLbi.Ui", "Itse1430.MovieLbi.Ui\Itse1430.MovieLbi.Ui.csproj", "{35919CF0-A015-498D-BF16-F8E5B3F1B1E1}"
EndProject
Project("{FAE04EC0-301F-11D3-BF4B-00C04F79EFBC}") = "Itse1430.MovieLbi", "Itse1430.MovieLbi\Itse1430.MovieLbi.csproj", "{3538D6DB-1FEC-4FB5-B2DD-11EEEAE39457}"
EndProject
Global
	GlobalSection(SolutionConfigurationPlatforms) = preSolution
		Debug|Any CPU = Debug|Any CPU
		Release|Any CPU = Release|Any CPU
	EndGlobalSection
	GlobalSection(ProjectConfigurationPlatforms) = postSolution
		{35919CF0-A015-498D-BF16-F8E5B3F1B1E1}.Debug|Any CPU.ActiveCfg = Debug|Any CPU
		{35919CF0-A015-498D-BF16-F8E5B3F1B1E1}.Debug|Any CPU.Build.0 = Debug|Any CPU
		{35919CF0-A015-498D-BF16-F8E5B3F1B1E1}.Release|Any CPU.ActiveCfg = Release|Any CPU
		{35919CF0-A015-498D-BF16-F8E5B3F1B1E1}.Release|Any CPU.Build.0 = Release|Any CPU
		{3538D6DB-1FEC-4FB5-B2DD-11EEEAE39457}.Debug|Any CPU.ActiveCfg = Debug|Any CPU
		{3538D6DB-1FEC-4FB5-B2DD-11EEEAE39457}.Debug|Any CPU.Build.0 = Debug|Any CPU
		{3538D6DB-1FEC-4FB5-B2DD-11EEEAE39457}.Release|Any CPU.ActiveCfg = Release|Any CPU
		{3538D6DB-1FEC-4FB5-B2DD-11EEEAE39457}.Release|Any CPU.Build.0 = Release|Any CPU
	EndGlobalSection
	GlobalSection(SolutionProperties) = preSolution
		HideSolutionNode = FALSE
	EndGlobalSection
	GlobalSection(ExtensibilityGlobals) = postSolution
		SolutionGuid = {5BF6466F-809C-4960-95F4-E3327A02C243}
	EndGlobalSection
EndGlobal
