
Microsoft Visual Studio Solution File, Format Version 12.00
# Visual Studio 15
VisualStudioVersion = 15.0.28010.2003
MinimumVisualStudioVersion = 10.0.40219.1
Project("{FAE04EC0-301F-11D3-BF4B-00C04F79EFBC}") = "HelloWord", "HelloWord\HelloWord.csproj", "{12E1239E-0818-40A8-AE6E-2069A7B4B80E}"
EndProject
Global
	GlobalSection(SolutionConfigurationPlatforms) = preSolution
		Debug|Any CPU = Debug|Any CPU
		Release|Any CPU = Release|Any CPU
	EndGlobalSection
	GlobalSection(ProjectConfigurationPlatforms) = postSolution
		{12E1239E-0818-40A8-AE6E-2069A7B4B80E}.Debug|Any CPU.ActiveCfg = Debug|Any CPU
		{12E1239E-0818-40A8-AE6E-2069A7B4B80E}.Debug|Any CPU.Build.0 = Debug|Any CPU
		{12E1239E-0818-40A8-AE6E-2069A7B4B80E}.Release|Any CPU.ActiveCfg = Release|Any CPU
		{12E1239E-0818-40A8-AE6E-2069A7B4B80E}.Release|Any CPU.Build.0 = Release|Any CPU
	EndGlobalSection
	GlobalSection(SolutionProperties) = preSolution
		HideSolutionNode = FALSE
	EndGlobalSection
	GlobalSection(ExtensibilityGlobals) = postSolution
		SolutionGuid = {11359877-6421-484C-AC75-BE0F54E3F0F0}
	EndGlobalSection
EndGlobal
